
Microsoft Visual Studio Solution File, Format Version 12.00
# Visual Studio 15
VisualStudioVersion = 15.0.27428.2011
MinimumVisualStudioVersion = 10.0.40219.1
Project("{FAE04EC0-301F-11D3-BF4B-00C04F79EFBC}") = "TestExercise", "TestExecise\TestExercise.csproj", "{4DFE4F48-4E43-4A1B-8453-CC9A506B45AA}"
EndProject
Project("{FAE04EC0-301F-11D3-BF4B-00C04F79EFBC}") = "SomeIntrestingService", "SomeIntrestingService\SomeIntrestingService.csproj", "{A17A350A-EBE1-4D13-93D7-331B686FF202}"
EndProject
Global
	GlobalSection(SolutionConfigurationPlatforms) = preSolution
		Debug|Any CPU = Debug|Any CPU
		Release|Any CPU = Release|Any CPU
	EndGlobalSection
	GlobalSection(ProjectConfigurationPlatforms) = postSolution
		{4DFE4F48-4E43-4A1B-8453-CC9A506B45AA}.Debug|Any CPU.ActiveCfg = Debug|Any CPU
		{4DFE4F48-4E43-4A1B-8453-CC9A506B45AA}.Debug|Any CPU.Build.0 = Debug|Any CPU
		{4DFE4F48-4E43-4A1B-8453-CC9A506B45AA}.Release|Any CPU.ActiveCfg = Release|Any CPU
		{4DFE4F48-4E43-4A1B-8453-CC9A506B45AA}.Release|Any CPU.Build.0 = Release|Any CPU
		{A17A350A-EBE1-4D13-93D7-331B686FF202}.Debug|Any CPU.ActiveCfg = Debug|Any CPU
		{A17A350A-EBE1-4D13-93D7-331B686FF202}.Debug|Any CPU.Build.0 = Debug|Any CPU
		{A17A350A-EBE1-4D13-93D7-331B686FF202}.Release|Any CPU.ActiveCfg = Release|Any CPU
		{A17A350A-EBE1-4D13-93D7-331B686FF202}.Release|Any CPU.Build.0 = Release|Any CPU
	EndGlobalSection
	GlobalSection(SolutionProperties) = preSolution
		HideSolutionNode = FALSE
	EndGlobalSection
	GlobalSection(ExtensibilityGlobals) = postSolution
		SolutionGuid = {4CE1D0F2-280E-4A72-92AB-406415905C22}
	EndGlobalSection
EndGlobal
